// !$*UTF8*$!
{
	archiveVersion = 1;
	classes = {
	};
	objectVersion = 55;
	objects = {

/* Begin PBXBuildFile section */
		FC598D3C28CAF7720065EF2F /* AppDelegate.swift in Sources */ = {isa = PBXBuildFile; fileRef = FC598D3B28CAF7720065EF2F /* AppDelegate.swift */; };
		FC598D3E28CAF7720065EF2F /* SceneDelegate.swift in Sources */ = {isa = PBXBuildFile; fileRef = FC598D3D28CAF7720065EF2F /* SceneDelegate.swift */; };
		FC598D4028CAF7720065EF2F /* MoviesViewController.swift in Sources */ = {isa = PBXBuildFile; fileRef = FC598D3F28CAF7720065EF2F /* MoviesViewController.swift */; };
		FC598D4328CAF7720065EF2F /* Main.storyboard in Resources */ = {isa = PBXBuildFile; fileRef = FC598D4128CAF7720065EF2F /* Main.storyboard */; };
		FC598D4528CAF7750065EF2F /* Assets.xcassets in Resources */ = {isa = PBXBuildFile; fileRef = FC598D4428CAF7750065EF2F /* Assets.xcassets */; };
		FC598D4828CAF7750065EF2F /* LaunchScreen.storyboard in Resources */ = {isa = PBXBuildFile; fileRef = FC598D4628CAF7750065EF2F /* LaunchScreen.storyboard */; };
		FC598D5328CAF7750065EF2F /* FlixTests.swift in Sources */ = {isa = PBXBuildFile; fileRef = FC598D5228CAF7750065EF2F /* FlixTests.swift */; };
		FC598D5D28CAF7750065EF2F /* FlixUITests.swift in Sources */ = {isa = PBXBuildFile; fileRef = FC598D5C28CAF7750065EF2F /* FlixUITests.swift */; };
		FC598D5F28CAF7750065EF2F /* FlixUITestsLaunchTests.swift in Sources */ = {isa = PBXBuildFile; fileRef = FC598D5E28CAF7750065EF2F /* FlixUITestsLaunchTests.swift */; };
		FCAE1B4728CEFF9F00576CF2 /* MovieCell.swift in Sources */ = {isa = PBXBuildFile; fileRef = FCAE1B4628CEFF9E00576CF2 /* MovieCell.swift */; };
		FCAE1B4A28CF03F000576CF2 /* AlamofireImage in Frameworks */ = {isa = PBXBuildFile; productRef = FCAE1B4928CF03F000576CF2 /* AlamofireImage */; };
/* End PBXBuildFile section */

/* Begin PBXContainerItemProxy section */
		FC598D4F28CAF7750065EF2F /* PBXContainerItemProxy */ = {
			isa = PBXContainerItemProxy;
			containerPortal = FC598D3028CAF7720065EF2F /* Project object */;
			proxyType = 1;
			remoteGlobalIDString = FC598D3728CAF7720065EF2F;
			remoteInfo = Flix;
		};
		FC598D5928CAF7750065EF2F /* PBXContainerItemProxy */ = {
			isa = PBXContainerItemProxy;
			containerPortal = FC598D3028CAF7720065EF2F /* Project object */;
			proxyType = 1;
			remoteGlobalIDString = FC598D3728CAF7720065EF2F;
			remoteInfo = Flix;
		};
/* End PBXContainerItemProxy section */

/* Begin PBXFileReference section */
		FC598D3828CAF7720065EF2F /* Flix.app */ = {isa = PBXFileReference; explicitFileType = wrapper.application; includeInIndex = 0; path = Flix.app; sourceTree = BUILT_PRODUCTS_DIR; };
		FC598D3B28CAF7720065EF2F /* AppDelegate.swift */ = {isa = PBXFileReference; lastKnownFileType = sourcecode.swift; path = AppDelegate.swift; sourceTree = "<group>"; };
		FC598D3D28CAF7720065EF2F /* SceneDelegate.swift */ = {isa = PBXFileReference; lastKnownFileType = sourcecode.swift; path = SceneDelegate.swift; sourceTree = "<group>"; };
		FC598D3F28CAF7720065EF2F /* MoviesViewController.swift */ = {isa = PBXFileReference; lastKnownFileType = sourcecode.swift; path = MoviesViewController.swift; sourceTree = "<group>"; };
		FC598D4228CAF7720065EF2F /* Base */ = {isa = PBXFileReference; lastKnownFileType = file.storyboard; name = Base; path = Base.lproj/Main.storyboard; sourceTree = "<group>"; };
		FC598D4428CAF7750065EF2F /* Assets.xcassets */ = {isa = PBXFileReference; lastKnownFileType = folder.assetcatalog; path = Assets.xcassets; sourceTree = "<group>"; };
		FC598D4728CAF7750065EF2F /* Base */ = {isa = PBXFileReference; lastKnownFileType = file.storyboard; name = Base; path = Base.lproj/LaunchScreen.storyboard; sourceTree = "<group>"; };
		FC598D4928CAF7750065EF2F /* Info.plist */ = {isa = PBXFileReference; lastKnownFileType = text.plist.xml; path = Info.plist; sourceTree = "<group>"; };
		FC598D4E28CAF7750065EF2F /* FlixTests.xctest */ = {isa = PBXFileReference; explicitFileType = wrapper.cfbundle; includeInIndex = 0; path = FlixTests.xctest; sourceTree = BUILT_PRODUCTS_DIR; };
		FC598D5228CAF7750065EF2F /* FlixTests.swift */ = {isa = PBXFileReference; lastKnownFileType = sourcecode.swift; path = FlixTests.swift; sourceTree = "<group>"; };
		FC598D5828CAF7750065EF2F /* FlixUITests.xctest */ = {isa = PBXFileReference; explicitFileType = wrapper.cfbundle; includeInIndex = 0; path = FlixUITests.xctest; sourceTree = BUILT_PRODUCTS_DIR; };
		FC598D5C28CAF7750065EF2F /* FlixUITests.swift */ = {isa = PBXFileReference; lastKnownFileType = sourcecode.swift; path = FlixUITests.swift; sourceTree = "<group>"; };
		FC598D5E28CAF7750065EF2F /* FlixUITestsLaunchTests.swift */ = {isa = PBXFileReference; lastKnownFileType = sourcecode.swift; path = FlixUITestsLaunchTests.swift; sourceTree = "<group>"; };
		FCAE1B4628CEFF9E00576CF2 /* MovieCell.swift */ = {isa = PBXFileReference; lastKnownFileType = sourcecode.swift; path = MovieCell.swift; sourceTree = "<group>"; };
/* End PBXFileReference section */

/* Begin PBXFrameworksBuildPhase section */
		FC598D3528CAF7720065EF2F /* Frameworks */ = {
			isa = PBXFrameworksBuildPhase;
			buildActionMask = 2147483647;
			files = (
				FCAE1B4A28CF03F000576CF2 /* AlamofireImage in Frameworks */,
			);
			runOnlyForDeploymentPostprocessing = 0;
		};
		FC598D4B28CAF7750065EF2F /* Frameworks */ = {
			isa = PBXFrameworksBuildPhase;
			buildActionMask = 2147483647;
			files = (
			);
			runOnlyForDeploymentPostprocessing = 0;
		};
		FC598D5528CAF7750065EF2F /* Frameworks */ = {
			isa = PBXFrameworksBuildPhase;
			buildActionMask = 2147483647;
			files = (
			);
			runOnlyForDeploymentPostprocessing = 0;
		};
/* End PBXFrameworksBuildPhase section */

/* Begin PBXGroup section */
		FC598D2F28CAF7720065EF2F = {
			isa = PBXGroup;
			children = (
				FC598D3A28CAF7720065EF2F /* Flix */,
				FC598D5128CAF7750065EF2F /* FlixTests */,
				FC598D5B28CAF7750065EF2F /* FlixUITests */,
				FC598D3928CAF7720065EF2F /* Products */,
			);
			sourceTree = "<group>";
		};
		FC598D3928CAF7720065EF2F /* Products */ = {
			isa = PBXGroup;
			children = (
				FC598D3828CAF7720065EF2F /* Flix.app */,
				FC598D4E28CAF7750065EF2F /* FlixTests.xctest */,
				FC598D5828CAF7750065EF2F /* FlixUITests.xctest */,
			);
			name = Products;
			sourceTree = "<group>";
		};
		FC598D3A28CAF7720065EF2F /* Flix */ = {
			isa = PBXGroup;
			children = (
				FC598D3B28CAF7720065EF2F /* AppDelegate.swift */,
				FC598D3D28CAF7720065EF2F /* SceneDelegate.swift */,
				FC598D3F28CAF7720065EF2F /* MoviesViewController.swift */,
				FC598D4128CAF7720065EF2F /* Main.storyboard */,
				FC598D4428CAF7750065EF2F /* Assets.xcassets */,
				FC598D4628CAF7750065EF2F /* LaunchScreen.storyboard */,
				FC598D4928CAF7750065EF2F /* Info.plist */,
				FCAE1B4628CEFF9E00576CF2 /* MovieCell.swift */,
			);
			path = Flix;
			sourceTree = "<group>";
		};
		FC598D5128CAF7750065EF2F /* FlixTests */ = {
			isa = PBXGroup;
			children = (
				FC598D5228CAF7750065EF2F /* FlixTests.swift */,
			);
			path = FlixTests;
			sourceTree = "<group>";
		};
		FC598D5B28CAF7750065EF2F /* FlixUITests */ = {
			isa = PBXGroup;
			children = (
				FC598D5C28CAF7750065EF2F /* FlixUITests.swift */,
				FC598D5E28CAF7750065EF2F /* FlixUITestsLaunchTests.swift */,
			);
			path = FlixUITests;
			sourceTree = "<group>";
		};
/* End PBXGroup section */

/* Begin PBXNativeTarget section */
		FC598D3728CAF7720065EF2F /* Flix */ = {
			isa = PBXNativeTarget;
			buildConfigurationList = FC598D6228CAF7750065EF2F /* Build configuration list for PBXNativeTarget "Flix" */;
			buildPhases = (
				FC598D3428CAF7720065EF2F /* Sources */,
				FC598D3528CAF7720065EF2F /* Frameworks */,
				FC598D3628CAF7720065EF2F /* Resources */,
			);
			buildRules = (
			);
			dependencies = (
			);
			name = Flix;
			packageProductDependencies = (
				FCAE1B4928CF03F000576CF2 /* AlamofireImage */,
			);
			productName = Flix;
			productReference = FC598D3828CAF7720065EF2F /* Flix.app */;
			productType = "com.apple.product-type.application";
		};
		FC598D4D28CAF7750065EF2F /* FlixTests */ = {
			isa = PBXNativeTarget;
			buildConfigurationList = FC598D6528CAF7750065EF2F /* Build configuration list for PBXNativeTarget "FlixTests" */;
			buildPhases = (
				FC598D4A28CAF7750065EF2F /* Sources */,
				FC598D4B28CAF7750065EF2F /* Frameworks */,
				FC598D4C28CAF7750065EF2F /* Resources */,
			);
			buildRules = (
			);
			dependencies = (
				FC598D5028CAF7750065EF2F /* PBXTargetDependency */,
			);
			name = FlixTests;
			productName = FlixTests;
			productReference = FC598D4E28CAF7750065EF2F /* FlixTests.xctest */;
			productType = "com.apple.product-type.bundle.unit-test";
		};
		FC598D5728CAF7750065EF2F /* FlixUITests */ = {
			isa = PBXNativeTarget;
			buildConfigurationList = FC598D6828CAF7750065EF2F /* Build configuration list for PBXNativeTarget "FlixUITests" */;
			buildPhases = (
				FC598D5428CAF7750065EF2F /* Sources */,
				FC598D5528CAF7750065EF2F /* Frameworks */,
				FC598D5628CAF7750065EF2F /* Resources */,
			);
			buildRules = (
			);
			dependencies = (
				FC598D5A28CAF7750065EF2F /* PBXTargetDependency */,
			);
			name = FlixUITests;
			productName = FlixUITests;
			productReference = FC598D5828CAF7750065EF2F /* FlixUITests.xctest */;
			productType = "com.apple.product-type.bundle.ui-testing";
		};
/* End PBXNativeTarget section */

/* Begin PBXProject section */
		FC598D3028CAF7720065EF2F /* Project object */ = {
			isa = PBXProject;
			attributes = {
				BuildIndependentTargetsInParallel = 1;
				LastSwiftUpdateCheck = 1340;
				LastUpgradeCheck = 1340;
				TargetAttributes = {
					FC598D3728CAF7720065EF2F = {
						CreatedOnToolsVersion = 13.4.1;
					};
					FC598D4D28CAF7750065EF2F = {
						CreatedOnToolsVersion = 13.4.1;
						TestTargetID = FC598D3728CAF7720065EF2F;
					};
					FC598D5728CAF7750065EF2F = {
						CreatedOnToolsVersion = 13.4.1;
						TestTargetID = FC598D3728CAF7720065EF2F;
					};
				};
			};
			buildConfigurationList = FC598D3328CAF7720065EF2F /* Build configuration list for PBXProject "Flix" */;
			compatibilityVersion = "Xcode 13.0";
			developmentRegion = en;
			hasScannedForEncodings = 0;
			knownRegions = (
				en,
				Base,
			);
			mainGroup = FC598D2F28CAF7720065EF2F;
			packageReferences = (
				FCAE1B4828CF03F000576CF2 /* XCRemoteSwiftPackageReference "AlamofireImage" */,
			);
			productRefGroup = FC598D3928CAF7720065EF2F /* Products */;
			projectDirPath = "";
			projectRoot = "";
			targets = (
				FC598D3728CAF7720065EF2F /* Flix */,
				FC598D4D28CAF7750065EF2F /* FlixTests */,
				FC598D5728CAF7750065EF2F /* FlixUITests */,
			);
		};
/* End PBXProject section */

/* Begin PBXResourcesBuildPhase section */
		FC598D3628CAF7720065EF2F /* Resources */ = {
			isa = PBXResourcesBuildPhase;
			buildActionMask = 2147483647;
			files = (
				FC598D4828CAF7750065EF2F /* LaunchScreen.storyboard in Resources */,
				FC598D4528CAF7750065EF2F /* Assets.xcassets in Resources */,
				FC598D4328CAF7720065EF2F /* Main.storyboard in Resources */,
			);
			runOnlyForDeploymentPostprocessing = 0;
		};
		FC598D4C28CAF7750065EF2F /* Resources */ = {
			isa = PBXResourcesBuildPhase;
			buildActionMask = 2147483647;
			files = (
			);
			runOnlyForDeploymentPostprocessing = 0;
		};
		FC598D5628CAF7750065EF2F /* Resources */ = {
			isa = PBXResourcesBuildPhase;
			buildActionMask = 2147483647;
			files = (
			);
			runOnlyForDeploymentPostprocessing = 0;
		};
/* End PBXResourcesBuildPhase section */

/* Begin PBXSourcesBuildPhase section */
		FC598D3428CAF7720065EF2F /* Sources */ = {
			isa = PBXSourcesBuildPhase;
			buildActionMask = 2147483647;
			files = (
				FC598D4028CAF7720065EF2F /* MoviesViewController.swift in Sources */,
				FC598D3C28CAF7720065EF2F /* AppDelegate.swift in Sources */,
				FCAE1B4728CEFF9F00576CF2 /* MovieCell.swift in Sources */,
				FC598D3E28CAF7720065EF2F /* SceneDelegate.swift in Sources */,
			);
			runOnlyForDeploymentPostprocessing = 0;
		};
		FC598D4A28CAF7750065EF2F /* Sources */ = {
			isa = PBXSourcesBuildPhase;
			buildActionMask = 2147483647;
			files = (
				FC598D5328CAF7750065EF2F /* FlixTests.swift in Sources */,
			);
			runOnlyForDeploymentPostprocessing = 0;
		};
		FC598D5428CAF7750065EF2F /* Sources */ = {
			isa = PBXSourcesBuildPhase;
			buildActionMask = 2147483647;
			files = (
				FC598D5D28CAF7750065EF2F /* FlixUITests.swift in Sources */,
				FC598D5F28CAF7750065EF2F /* FlixUITestsLaunchTests.swift in Sources */,
			);
			runOnlyForDeploymentPostprocessing = 0;
		};
/* End PBXSourcesBuildPhase section */

/* Begin PBXTargetDependency section */
		FC598D5028CAF7750065EF2F /* PBXTargetDependency */ = {
			isa = PBXTargetDependency;
			target = FC598D3728CAF7720065EF2F /* Flix */;
			targetProxy = FC598D4F28CAF7750065EF2F /* PBXContainerItemProxy */;
		};
		FC598D5A28CAF7750065EF2F /* PBXTargetDependency */ = {
			isa = PBXTargetDependency;
			target = FC598D3728CAF7720065EF2F /* Flix */;
			targetProxy = FC598D5928CAF7750065EF2F /* PBXContainerItemProxy */;
		};
/* End PBXTargetDependency section */

/* Begin PBXVariantGroup section */
		FC598D4128CAF7720065EF2F /* Main.storyboard */ = {
			isa = PBXVariantGroup;
			children = (
				FC598D4228CAF7720065EF2F /* Base */,
			);
			name = Main.storyboard;
			sourceTree = "<group>";
		};
		FC598D4628CAF7750065EF2F /* LaunchScreen.storyboard */ = {
			isa = PBXVariantGroup;
			children = (
				FC598D4728CAF7750065EF2F /* Base */,
			);
			name = LaunchScreen.storyboard;
			sourceTree = "<group>";
		};
/* End PBXVariantGroup section */

/* Begin XCBuildConfiguration section */
		FC598D6028CAF7750065EF2F /* Debug */ = {
			isa = XCBuildConfiguration;
			buildSettings = {
				ALWAYS_SEARCH_USER_PATHS = NO;
				CLANG_ANALYZER_NONNULL = YES;
				CLANG_ANALYZER_NUMBER_OBJECT_CONVERSION = YES_AGGRESSIVE;
				CLANG_CXX_LANGUAGE_STANDARD = "gnu++17";
				CLANG_ENABLE_MODULES = YES;
				CLANG_ENABLE_OBJC_ARC = YES;
				CLANG_ENABLE_OBJC_WEAK = YES;
				CLANG_WARN_BLOCK_CAPTURE_AUTORELEASING = YES;
				CLANG_WARN_BOOL_CONVERSION = YES;
				CLANG_WARN_COMMA = YES;
				CLANG_WARN_CONSTANT_CONVERSION = YES;
				CLANG_WARN_DEPRECATED_OBJC_IMPLEMENTATIONS = YES;
				CLANG_WARN_DIRECT_OBJC_ISA_USAGE = YES_ERROR;
				CLANG_WARN_DOCUMENTATION_COMMENTS = YES;
				CLANG_WARN_EMPTY_BODY = YES;
				CLANG_WARN_ENUM_CONVERSION = YES;
				CLANG_WARN_INFINITE_RECURSION = YES;
				CLANG_WARN_INT_CONVERSION = YES;
				CLANG_WARN_NON_LITERAL_NULL_CONVERSION = YES;
				CLANG_WARN_OBJC_IMPLICIT_RETAIN_SELF = YES;
				CLANG_WARN_OBJC_LITERAL_CONVERSION = YES;
				CLANG_WARN_OBJC_ROOT_CLASS = YES_ERROR;
				CLANG_WARN_QUOTED_INCLUDE_IN_FRAMEWORK_HEADER = YES;
				CLANG_WARN_RANGE_LOOP_ANALYSIS = YES;
				CLANG_WARN_STRICT_PROTOTYPES = YES;
				CLANG_WARN_SUSPICIOUS_MOVE = YES;
				CLANG_WARN_UNGUARDED_AVAILABILITY = YES_AGGRESSIVE;
				CLANG_WARN_UNREACHABLE_CODE = YES;
				CLANG_WARN__DUPLICATE_METHOD_MATCH = YES;
				COPY_PHASE_STRIP = NO;
				DEBUG_INFORMATION_FORMAT = dwarf;
				ENABLE_STRICT_OBJC_MSGSEND = YES;
				ENABLE_TESTABILITY = YES;
				GCC_C_LANGUAGE_STANDARD = gnu11;
				GCC_DYNAMIC_NO_PIC = NO;
				GCC_NO_COMMON_BLOCKS = YES;
				GCC_OPTIMIZATION_LEVEL = 0;
				GCC_PREPROCESSOR_DEFINITIONS = (
					"DEBUG=1",
					"$(inherited)",
				);
				GCC_WARN_64_TO_32_BIT_CONVERSION = YES;
				GCC_WARN_ABOUT_RETURN_TYPE = YES_ERROR;
				GCC_WARN_UNDECLARED_SELECTOR = YES;
				GCC_WARN_UNINITIALIZED_AUTOS = YES_AGGRESSIVE;
				GCC_WARN_UNUSED_FUNCTION = YES;
				GCC_WARN_UNUSED_VARIABLE = YES;
				IPHONEOS_DEPLOYMENT_TARGET = 15.5;
				MTL_ENABLE_DEBUG_INFO = INCLUDE_SOURCE;
				MTL_FAST_MATH = YES;
				ONLY_ACTIVE_ARCH = YES;
				SDKROOT = iphoneos;
				SWIFT_ACTIVE_COMPILATION_CONDITIONS = DEBUG;
				SWIFT_OPTIMIZATION_LEVEL = "-Onone";
			};
			name = Debug;
		};
		FC598D6128CAF7750065EF2F /* Release */ = {
			isa = XCBuildConfiguration;
			buildSettings = {
				ALWAYS_SEARCH_USER_PATHS = NO;
				CLANG_ANALYZER_NONNULL = YES;
				CLANG_ANALYZER_NUMBER_OBJECT_CONVERSION = YES_AGGRESSIVE;
				CLANG_CXX_LANGUAGE_STANDARD = "gnu++17";
				CLANG_ENABLE_MODULES = YES;
				CLANG_ENABLE_OBJC_ARC = YES;
				CLANG_ENABLE_OBJC_WEAK = YES;
				CLANG_WARN_BLOCK_CAPTURE_AUTORELEASING = YES;
				CLANG_WARN_BOOL_CONVERSION = YES;
				CLANG_WARN_COMMA = YES;
				CLANG_WARN_CONSTANT_CONVERSION = YES;
				CLANG_WARN_DEPRECATED_OBJC_IMPLEMENTATIONS = YES;
				CLANG_WARN_DIRECT_OBJC_ISA_USAGE = YES_ERROR;
				CLANG_WARN_DOCUMENTATION_COMMENTS = YES;
				CLANG_WARN_EMPTY_BODY = YES;
				CLANG_WARN_ENUM_CONVERSION = YES;
				CLANG_WARN_INFINITE_RECURSION = YES;
				CLANG_WARN_INT_CONVERSION = YES;
				CLANG_WARN_NON_LITERAL_NULL_CONVERSION = YES;
				CLANG_WARN_OBJC_IMPLICIT_RETAIN_SELF = YES;
				CLANG_WARN_OBJC_LITERAL_CONVERSION = YES;
				CLANG_WARN_OBJC_ROOT_CLASS = YES_ERROR;
				CLANG_WARN_QUOTED_INCLUDE_IN_FRAMEWORK_HEADER = YES;
				CLANG_WARN_RANGE_LOOP_ANALYSIS = YES;
				CLANG_WARN_STRICT_PROTOTYPES = YES;
				CLANG_WARN_SUSPICIOUS_MOVE = YES;
				CLANG_WARN_UNGUARDED_AVAILABILITY = YES_AGGRESSIVE;
				CLANG_WARN_UNREACHABLE_CODE = YES;
				CLANG_WARN__DUPLICATE_METHOD_MATCH = YES;
				COPY_PHASE_STRIP = NO;
				DEBUG_INFORMATION_FORMAT = "dwarf-with-dsym";
				ENABLE_NS_ASSERTIONS = NO;
				ENABLE_STRICT_OBJC_MSGSEND = YES;
				GCC_C_LANGUAGE_STANDARD = gnu11;
				GCC_NO_COMMON_BLOCKS = YES;
				GCC_WARN_64_TO_32_BIT_CONVERSION = YES;
				GCC_WARN_ABOUT_RETURN_TYPE = YES_ERROR;
				GCC_WARN_UNDECLARED_SELECTOR = YES;
				GCC_WARN_UNINITIALIZED_AUTOS = YES_AGGRESSIVE;
				GCC_WARN_UNUSED_FUNCTION = YES;
				GCC_WARN_UNUSED_VARIABLE = YES;
				IPHONEOS_DEPLOYMENT_TARGET = 15.5;
				MTL_ENABLE_DEBUG_INFO = NO;
				MTL_FAST_MATH = YES;
				SDKROOT = iphoneos;
				SWIFT_COMPILATION_MODE = wholemodule;
				SWIFT_OPTIMIZATION_LEVEL = "-O";
				VALIDATE_PRODUCT = YES;
			};
			name = Release;
		};
		FC598D6328CAF7750065EF2F /* Debug */ = {
			isa = XCBuildConfiguration;
			buildSettings = {
				ASSETCATALOG_COMPILER_APPICON_NAME = AppIcon;
				ASSETCATALOG_COMPILER_GLOBAL_ACCENT_COLOR_NAME = AccentColor;
				CODE_SIGN_STYLE = Automatic;
				CURRENT_PROJECT_VERSION = 1;
				DEVELOPMENT_TEAM = R9Q324KHVZ;
				GENERATE_INFOPLIST_FILE = YES;
				INFOPLIST_FILE = Flix/Info.plist;
				INFOPLIST_KEY_UIApplicationSupportsIndirectInputEvents = YES;
				INFOPLIST_KEY_UILaunchStoryboardName = LaunchScreen;
				INFOPLIST_KEY_UIMainStoryboardFile = Main;
				INFOPLIST_KEY_UISupportedInterfaceOrientations_iPad = "UIInterfaceOrientationPortrait UIInterfaceOrientationPortraitUpsideDown UIInterfaceOrientationLandscapeLeft UIInterfaceOrientationLandscapeRight";
				INFOPLIST_KEY_UISupportedInterfaceOrientations_iPhone = "UIInterfaceOrientationPortrait UIInterfaceOrientationLandscapeLeft UIInterfaceOrientationLandscapeRight";
				LD_RUNPATH_SEARCH_PATHS = (
					"$(inherited)",
					"@executable_path/Frameworks",
				);
				MARKETING_VERSION = 1.0;
				PRODUCT_BUNDLE_IDENTIFIER = "com.kyra-operation826.com.Flix";
				PRODUCT_NAME = "$(TARGET_NAME)";
				SWIFT_EMIT_LOC_STRINGS = YES;
				SWIFT_VERSION = 5.0;
				TARGETED_DEVICE_FAMILY = "1,2";
			};
			name = Debug;
		};
		FC598D6428CAF7750065EF2F /* Release */ = {
			isa = XCBuildConfiguration;
			buildSettings = {
				ASSETCATALOG_COMPILER_APPICON_NAME = AppIcon;
				ASSETCATALOG_COMPILER_GLOBAL_ACCENT_COLOR_NAME = AccentColor;
				CODE_SIGN_STYLE = Automatic;
				CURRENT_PROJECT_VERSION = 1;
				DEVELOPMENT_TEAM = R9Q324KHVZ;
				GENERATE_INFOPLIST_FILE = YES;
				INFOPLIST_FILE = Flix/Info.plist;
				INFOPLIST_KEY_UIApplicationSupportsIndirectInputEvents = YES;
				INFOPLIST_KEY_UILaunchStoryboardName = LaunchScreen;
				INFOPLIST_KEY_UIMainStoryboardFile = Main;
				INFOPLIST_KEY_UISupportedInterfaceOrientations_iPad = "UIInterfaceOrientationPortrait UIInterfaceOrientationPortraitUpsideDown UIInterfaceOrientationLandscapeLeft UIInterfaceOrientationLandscapeRight";
				INFOPLIST_KEY_UISupportedInterfaceOrientations_iPhone = "UIInterfaceOrientationPortrait UIInterfaceOrientationLandscapeLeft UIInterfaceOrientationLandscapeRight";
				LD_RUNPATH_SEARCH_PATHS = (
					"$(inherited)",
					"@executable_path/Frameworks",
				);
				MARKETING_VERSION = 1.0;
				PRODUCT_BUNDLE_IDENTIFIER = "com.kyra-operation826.com.Flix";
				PRODUCT_NAME = "$(TARGET_NAME)";
				SWIFT_EMIT_LOC_STRINGS = YES;
				SWIFT_VERSION = 5.0;
				TARGETED_DEVICE_FAMILY = "1,2";
			};
			name = Release;
		};
		FC598D6628CAF7750065EF2F /* Debug */ = {
			isa = XCBuildConfiguration;
			buildSettings = {
				ALWAYS_EMBED_SWIFT_STANDARD_LIBRARIES = YES;
				BUNDLE_LOADER = "$(TEST_HOST)";
				CODE_SIGN_STYLE = Automatic;
				CURRENT_PROJECT_VERSION = 1;
				DEVELOPMENT_TEAM = R9Q324KHVZ;
				GENERATE_INFOPLIST_FILE = YES;
				IPHONEOS_DEPLOYMENT_TARGET = 15.5;
				MARKETING_VERSION = 1.0;
				PRODUCT_BUNDLE_IDENTIFIER = "com.kyra-operation826.com.FlixTests";
				PRODUCT_NAME = "$(TARGET_NAME)";
				SWIFT_EMIT_LOC_STRINGS = NO;
				SWIFT_VERSION = 5.0;
				TARGETED_DEVICE_FAMILY = "1,2";
				TEST_HOST = "$(BUILT_PRODUCTS_DIR)/Flix.app/Flix";
			};
			name = Debug;
		};
		FC598D6728CAF7750065EF2F /* Release */ = {
			isa = XCBuildConfiguration;
			buildSettings = {
				ALWAYS_EMBED_SWIFT_STANDARD_LIBRARIES = YES;
				BUNDLE_LOADER = "$(TEST_HOST)";
				CODE_SIGN_STYLE = Automatic;
				CURRENT_PROJECT_VERSION = 1;
				DEVELOPMENT_TEAM = R9Q324KHVZ;
				GENERATE_INFOPLIST_FILE = YES;
				IPHONEOS_DEPLOYMENT_TARGET = 15.5;
				MARKETING_VERSION = 1.0;
				PRODUCT_BUNDLE_IDENTIFIER = "com.kyra-operation826.com.FlixTests";
				PRODUCT_NAME = "$(TARGET_NAME)";
				SWIFT_EMIT_LOC_STRINGS = NO;
				SWIFT_VERSION = 5.0;
				TARGETED_DEVICE_FAMILY = "1,2";
				TEST_HOST = "$(BUILT_PRODUCTS_DIR)/Flix.app/Flix";
			};
			name = Release;
		};
		FC598D6928CAF7750065EF2F /* Debug */ = {
			isa = XCBuildConfiguration;
			buildSettings = {
				ALWAYS_EMBED_SWIFT_STANDARD_LIBRARIES = YES;
				CODE_SIGN_STYLE = Automatic;
				CURRENT_PROJECT_VERSION = 1;
				DEVELOPMENT_TEAM = R9Q324KHVZ;
				GENERATE_INFOPLIST_FILE = YES;
				MARKETING_VERSION = 1.0;
				PRODUCT_BUNDLE_IDENTIFIER = "com.kyra-operation826.com.FlixUITests";
				PRODUCT_NAME = "$(TARGET_NAME)";
				SWIFT_EMIT_LOC_STRINGS = NO;
				SWIFT_VERSION = 5.0;
				TARGETED_DEVICE_FAMILY = "1,2";
				TEST_TARGET_NAME = Flix;
			};
			name = Debug;
		};
		FC598D6A28CAF7750065EF2F /* Release */ = {
			isa = XCBuildConfiguration;
			buildSettings = {
				ALWAYS_EMBED_SWIFT_STANDARD_LIBRARIES = YES;
				CODE_SIGN_STYLE = Automatic;
				CURRENT_PROJECT_VERSION = 1;
				DEVELOPMENT_TEAM = R9Q324KHVZ;
				GENERATE_INFOPLIST_FILE = YES;
				MARKETING_VERSION = 1.0;
				PRODUCT_BUNDLE_IDENTIFIER = "com.kyra-operation826.com.FlixUITests";
				PRODUCT_NAME = "$(TARGET_NAME)";
				SWIFT_EMIT_LOC_STRINGS = NO;
				SWIFT_VERSION = 5.0;
				TARGETED_DEVICE_FAMILY = "1,2";
				TEST_TARGET_NAME = Flix;
			};
			name = Release;
		};
/* End XCBuildConfiguration section */

/* Begin XCConfigurationList section */
		FC598D3328CAF7720065EF2F /* Build configuration list for PBXProject "Flix" */ = {
			isa = XCConfigurationList;
			buildConfigurations = (
				FC598D6028CAF7750065EF2F /* Debug */,
				FC598D6128CAF7750065EF2F /* Release */,
			);
			defaultConfigurationIsVisible = 0;
			defaultConfigurationName = Release;
		};
		FC598D6228CAF7750065EF2F /* Build configuration list for PBXNativeTarget "Flix" */ = {
			isa = XCConfigurationList;
			buildConfigurations = (
				FC598D6328CAF7750065EF2F /* Debug */,
				FC598D6428CAF7750065EF2F /* Release */,
			);
			defaultConfigurationIsVisible = 0;
			defaultConfigurationName = Release;
		};
		FC598D6528CAF7750065EF2F /* Build configuration list for PBXNativeTarget "FlixTests" */ = {
			isa = XCConfigurationList;
			buildConfigurations = (
				FC598D6628CAF7750065EF2F /* Debug */,
				FC598D6728CAF7750065EF2F /* Release */,
			);
			defaultConfigurationIsVisible = 0;
			defaultConfigurationName = Release;
		};
		FC598D6828CAF7750065EF2F /* Build configuration list for PBXNativeTarget "FlixUITests" */ = {
			isa = XCConfigurationList;
			buildConfigurations = (
				FC598D6928CAF7750065EF2F /* Debug */,
				FC598D6A28CAF7750065EF2F /* Release */,
			);
			defaultConfigurationIsVisible = 0;
			defaultConfigurationName = Release;
		};
/* End XCConfigurationList section */

/* Begin XCRemoteSwiftPackageReference section */
		FCAE1B4828CF03F000576CF2 /* XCRemoteSwiftPackageReference "AlamofireImage" */ = {
			isa = XCRemoteSwiftPackageReference;
			repositoryURL = "https://github.com/Alamofire/AlamofireImage";
			requirement = {
				kind = upToNextMajorVersion;
				minimumVersion = 4.0.0;
			};
		};
/* End XCRemoteSwiftPackageReference section */

/* Begin XCSwiftPackageProductDependency section */
		FCAE1B4928CF03F000576CF2 /* AlamofireImage */ = {
			isa = XCSwiftPackageProductDependency;
			package = FCAE1B4828CF03F000576CF2 /* XCRemoteSwiftPackageReference "AlamofireImage" */;
			productName = AlamofireImage;
		};
/* End XCSwiftPackageProductDependency section */
	};
	rootObject = FC598D3028CAF7720065EF2F /* Project object */;
}
